// !$*UTF8*$!
{
	archiveVersion = 1;
	classes = {
	};
	objectVersion = 48;
	objects = {

/* Begin PBXBuildFile section */
		076E3A4DA449B97894D1FE4B /* Pods_pixel_city.framework in Frameworks */ = {isa = PBXBuildFile; fileRef = BE00D1AD07DD8565417424E6 /* Pods_pixel_city.framework */; };
		B64BE0841FCD8F39006BE621 /* DropablePin.swift in Sources */ = {isa = PBXBuildFile; fileRef = B64BE0831FCD8F39006BE621 /* DropablePin.swift */; };
		B64BE0861FD43CAD006BE621 /* PhotoCell.swift in Sources */ = {isa = PBXBuildFile; fileRef = B64BE0851FD43CAD006BE621 /* PhotoCell.swift */; };
		B64BE0881FD459ED006BE621 /* Constants.swift in Sources */ = {isa = PBXBuildFile; fileRef = B64BE0871FD459ED006BE621 /* Constants.swift */; };
		B6E1A76C1FCB331A003D2618 /* AppDelegate.swift in Sources */ = {isa = PBXBuildFile; fileRef = B6E1A76B1FCB331A003D2618 /* AppDelegate.swift */; };
		B6E1A76E1FCB331A003D2618 /* MapVC.swift in Sources */ = {isa = PBXBuildFile; fileRef = B6E1A76D1FCB331A003D2618 /* MapVC.swift */; };
		B6E1A7711FCB331A003D2618 /* Main.storyboard in Resources */ = {isa = PBXBuildFile; fileRef = B6E1A76F1FCB331A003D2618 /* Main.storyboard */; };
		B6E1A7731FCB331A003D2618 /* Assets.xcassets in Resources */ = {isa = PBXBuildFile; fileRef = B6E1A7721FCB331A003D2618 /* Assets.xcassets */; };
		B6E1A7761FCB331A003D2618 /* LaunchScreen.storyboard in Resources */ = {isa = PBXBuildFile; fileRef = B6E1A7741FCB331A003D2618 /* LaunchScreen.storyboard */; };
/* End PBXBuildFile section */

/* Begin PBXFileReference section */
		17DCC08F97C719F60C6A9ED8 /* Pods-pixel-city.release.xcconfig */ = {isa = PBXFileReference; includeInIndex = 1; lastKnownFileType = text.xcconfig; name = "Pods-pixel-city.release.xcconfig"; path = "Pods/Target Support Files/Pods-pixel-city/Pods-pixel-city.release.xcconfig"; sourceTree = "<group>"; };
		8D4D54D5542C20B5D379D4B5 /* Pods-pixel-city.debug.xcconfig */ = {isa = PBXFileReference; includeInIndex = 1; lastKnownFileType = text.xcconfig; name = "Pods-pixel-city.debug.xcconfig"; path = "Pods/Target Support Files/Pods-pixel-city/Pods-pixel-city.debug.xcconfig"; sourceTree = "<group>"; };
		B64BE0831FCD8F39006BE621 /* DropablePin.swift */ = {isa = PBXFileReference; lastKnownFileType = sourcecode.swift; path = DropablePin.swift; sourceTree = "<group>"; };
		B64BE0851FD43CAD006BE621 /* PhotoCell.swift */ = {isa = PBXFileReference; lastKnownFileType = sourcecode.swift; path = PhotoCell.swift; sourceTree = "<group>"; };
		B64BE0871FD459ED006BE621 /* Constants.swift */ = {isa = PBXFileReference; lastKnownFileType = sourcecode.swift; path = Constants.swift; sourceTree = "<group>"; };
		B6E1A7681FCB331A003D2618 /* pixel-city.app */ = {isa = PBXFileReference; explicitFileType = wrapper.application; includeInIndex = 0; path = "pixel-city.app"; sourceTree = BUILT_PRODUCTS_DIR; };
		B6E1A76B1FCB331A003D2618 /* AppDelegate.swift */ = {isa = PBXFileReference; lastKnownFileType = sourcecode.swift; path = AppDelegate.swift; sourceTree = "<group>"; };
		B6E1A76D1FCB331A003D2618 /* MapVC.swift */ = {isa = PBXFileReference; lastKnownFileType = sourcecode.swift; path = MapVC.swift; sourceTree = "<group>"; };
		B6E1A7701FCB331A003D2618 /* Base */ = {isa = PBXFileReference; lastKnownFileType = file.storyboard; name = Base; path = Base.lproj/Main.storyboard; sourceTree = "<group>"; };
		B6E1A7721FCB331A003D2618 /* Assets.xcassets */ = {isa = PBXFileReference; lastKnownFileType = folder.assetcatalog; path = Assets.xcassets; sourceTree = "<group>"; };
		B6E1A7751FCB331A003D2618 /* Base */ = {isa = PBXFileReference; lastKnownFileType = file.storyboard; name = Base; path = Base.lproj/LaunchScreen.storyboard; sourceTree = "<group>"; };
		B6E1A7771FCB331A003D2618 /* Info.plist */ = {isa = PBXFileReference; lastKnownFileType = text.plist.xml; path = Info.plist; sourceTree = "<group>"; };
		BE00D1AD07DD8565417424E6 /* Pods_pixel_city.framework */ = {isa = PBXFileReference; explicitFileType = wrapper.framework; includeInIndex = 0; path = Pods_pixel_city.framework; sourceTree = BUILT_PRODUCTS_DIR; };
/* End PBXFileReference section */

/* Begin PBXFrameworksBuildPhase section */
		B6E1A7651FCB331A003D2618 /* Frameworks */ = {
			isa = PBXFrameworksBuildPhase;
			buildActionMask = 2147483647;
			files = (
				076E3A4DA449B97894D1FE4B /* Pods_pixel_city.framework in Frameworks */,
			);
			runOnlyForDeploymentPostprocessing = 0;
		};
/* End PBXFrameworksBuildPhase section */

/* Begin PBXGroup section */
		B6E1A75F1FCB331A003D2618 = {
			isa = PBXGroup;
			children = (
				B6E1A76A1FCB331A003D2618 /* pixel-city */,
				B6E1A7691FCB331A003D2618 /* Products */,
				E869CB965794EF370C839F21 /* Pods */,
				D838D8B3B94543DE367EED33 /* Frameworks */,
			);
			sourceTree = "<group>";
		};
		B6E1A7691FCB331A003D2618 /* Products */ = {
			isa = PBXGroup;
			children = (
				B6E1A7681FCB331A003D2618 /* pixel-city.app */,
			);
			name = Products;
			sourceTree = "<group>";
		};
		B6E1A76A1FCB331A003D2618 /* pixel-city */ = {
			isa = PBXGroup;
			children = (
				B6E1A7821FCB339C003D2618 /* Utilities */,
				B6E1A7811FCB338A003D2618 /* Extensions */,
				B6E1A7801FCB337F003D2618 /* Model */,
				B6E1A77F1FCB3376003D2618 /* View */,
				B6E1A77D1FCB335D003D2618 /* Controller */,
				B6E1A76B1FCB331A003D2618 /* AppDelegate.swift */,
				B6E1A76F1FCB331A003D2618 /* Main.storyboard */,
				B6E1A7721FCB331A003D2618 /* Assets.xcassets */,
				B6E1A7741FCB331A003D2618 /* LaunchScreen.storyboard */,
				B6E1A7771FCB331A003D2618 /* Info.plist */,
			);
			path = "pixel-city";
			sourceTree = "<group>";
		};
		B6E1A77D1FCB335D003D2618 /* Controller */ = {
			isa = PBXGroup;
			children = (
				B6E1A76D1FCB331A003D2618 /* MapVC.swift */,
			);
			path = Controller;
			sourceTree = "<group>";
		};
		B6E1A77F1FCB3376003D2618 /* View */ = {
			isa = PBXGroup;
			children = (
				B64BE0831FCD8F39006BE621 /* DropablePin.swift */,
				B64BE0851FD43CAD006BE621 /* PhotoCell.swift */,
			);
			path = View;
			sourceTree = "<group>";
		};
		B6E1A7801FCB337F003D2618 /* Model */ = {
			isa = PBXGroup;
			children = (
			);
			path = Model;
			sourceTree = "<group>";
		};
		B6E1A7811FCB338A003D2618 /* Extensions */ = {
			isa = PBXGroup;
			children = (
			);
			path = Extensions;
			sourceTree = "<group>";
		};
		B6E1A7821FCB339C003D2618 /* Utilities */ = {
			isa = PBXGroup;
			children = (
				B64BE0871FD459ED006BE621 /* Constants.swift */,
			);
			path = Utilities;
			sourceTree = "<group>";
		};
		D838D8B3B94543DE367EED33 /* Frameworks */ = {
			isa = PBXGroup;
			children = (
				BE00D1AD07DD8565417424E6 /* Pods_pixel_city.framework */,
			);
			name = Frameworks;
			sourceTree = "<group>";
		};
		E869CB965794EF370C839F21 /* Pods */ = {
			isa = PBXGroup;
			children = (
				8D4D54D5542C20B5D379D4B5 /* Pods-pixel-city.debug.xcconfig */,
				17DCC08F97C719F60C6A9ED8 /* Pods-pixel-city.release.xcconfig */,
			);
			name = Pods;
			sourceTree = "<group>";
		};
/* End PBXGroup section */

/* Begin PBXNativeTarget section */
		B6E1A7671FCB331A003D2618 /* pixel-city */ = {
			isa = PBXNativeTarget;
			buildConfigurationList = B6E1A77A1FCB331A003D2618 /* Build configuration list for PBXNativeTarget "pixel-city" */;
			buildPhases = (
				C8DEB3D806B97D7C67EBB8F7 /* [CP] Check Pods Manifest.lock */,
				B6E1A7641FCB331A003D2618 /* Sources */,
				B6E1A7651FCB331A003D2618 /* Frameworks */,
				B6E1A7661FCB331A003D2618 /* Resources */,
				4D03CF4DF5F778B35CF67989 /* [CP] Embed Pods Frameworks */,
				771DFAA24F7AE4986886FD3A /* [CP] Copy Pods Resources */,
			);
			buildRules = (
			);
			dependencies = (
			);
			name = "pixel-city";
			productName = "pixel-city";
			productReference = B6E1A7681FCB331A003D2618 /* pixel-city.app */;
			productType = "com.apple.product-type.application";
		};
/* End PBXNativeTarget section */

/* Begin PBXProject section */
		B6E1A7601FCB331A003D2618 /* Project object */ = {
			isa = PBXProject;
			attributes = {
				LastSwiftUpdateCheck = 0900;
				LastUpgradeCheck = 0900;
				ORGANIZATIONNAME = "Gut Norbert";
				TargetAttributes = {
					B6E1A7671FCB331A003D2618 = {
						CreatedOnToolsVersion = 9.0.1;
						ProvisioningStyle = Automatic;
					};
				};
			};
			buildConfigurationList = B6E1A7631FCB331A003D2618 /* Build configuration list for PBXProject "pixel-city" */;
			compatibilityVersion = "Xcode 8.0";
			developmentRegion = en;
			hasScannedForEncodings = 0;
			knownRegions = (
				en,
				Base,
			);
			mainGroup = B6E1A75F1FCB331A003D2618;
			productRefGroup = B6E1A7691FCB331A003D2618 /* Products */;
			projectDirPath = "";
			projectRoot = "";
			targets = (
				B6E1A7671FCB331A003D2618 /* pixel-city */,
			);
		};
/* End PBXProject section */

/* Begin PBXResourcesBuildPhase section */
		B6E1A7661FCB331A003D2618 /* Resources */ = {
			isa = PBXResourcesBuildPhase;
			buildActionMask = 2147483647;
			files = (
				B6E1A7761FCB331A003D2618 /* LaunchScreen.storyboard in Resources */,
				B6E1A7731FCB331A003D2618 /* Assets.xcassets in Resources */,
				B6E1A7711FCB331A003D2618 /* Main.storyboard in Resources */,
			);
			runOnlyForDeploymentPostprocessing = 0;
		};
/* End PBXResourcesBuildPhase section */

/* Begin PBXShellScriptBuildPhase section */
		4D03CF4DF5F778B35CF67989 /* [CP] Embed Pods Frameworks */ = {
			isa = PBXShellScriptBuildPhase;
			buildActionMask = 2147483647;
			files = (
			);
			inputPaths = (
			);
			name = "[CP] Embed Pods Frameworks";
			outputPaths = (
			);
			runOnlyForDeploymentPostprocessing = 0;
			shellPath = /bin/sh;
			shellScript = "\"${SRCROOT}/Pods/Target Support Files/Pods-pixel-city/Pods-pixel-city-frameworks.sh\"\n";
			showEnvVarsInLog = 0;
		};
		771DFAA24F7AE4986886FD3A /* [CP] Copy Pods Resources */ = {
			isa = PBXShellScriptBuildPhase;
			buildActionMask = 2147483647;
			files = (
			);
			inputPaths = (
			);
			name = "[CP] Copy Pods Resources";
			outputPaths = (
			);
			runOnlyForDeploymentPostprocessing = 0;
			shellPath = /bin/sh;
			shellScript = "\"${SRCROOT}/Pods/Target Support Files/Pods-pixel-city/Pods-pixel-city-resources.sh\"\n";
			showEnvVarsInLog = 0;
		};
		C8DEB3D806B97D7C67EBB8F7 /* [CP] Check Pods Manifest.lock */ = {
			isa = PBXShellScriptBuildPhase;
			buildActionMask = 2147483647;
			files = (
			);
			inputPaths = (
			);
			name = "[CP] Check Pods Manifest.lock";
			outputPaths = (
			);
			runOnlyForDeploymentPostprocessing = 0;
			shellPath = /bin/sh;
			shellScript = "diff \"${PODS_ROOT}/../Podfile.lock\" \"${PODS_ROOT}/Manifest.lock\" > /dev/null\nif [ $? != 0 ] ; then\n    # print error to STDERR\n    echo \"error: The sandbox is not in sync with the Podfile.lock. Run 'pod install' or update your CocoaPods installation.\" >&2\n    exit 1\nfi\n";
			showEnvVarsInLog = 0;
		};
/* End PBXShellScriptBuildPhase section */

/* Begin PBXSourcesBuildPhase section */
		B6E1A7641FCB331A003D2618 /* Sources */ = {
			isa = PBXSourcesBuildPhase;
			buildActionMask = 2147483647;
			files = (
				B64BE0881FD459ED006BE621 /* Constants.swift in Sources */,
				B64BE0861FD43CAD006BE621 /* PhotoCell.swift in Sources */,
				B6E1A76E1FCB331A003D2618 /* MapVC.swift in Sources */,
				B64BE0841FCD8F39006BE621 /* DropablePin.swift in Sources */,
				B6E1A76C1FCB331A003D2618 /* AppDelegate.swift in Sources */,
			);
			runOnlyForDeploymentPostprocessing = 0;
		};
/* End PBXSourcesBuildPhase section */

/* Begin PBXVariantGroup section */
		B6E1A76F1FCB331A003D2618 /* Main.storyboard */ = {
			isa = PBXVariantGroup;
			children = (
				B6E1A7701FCB331A003D2618 /* Base */,
			);
			name = Main.storyboard;
			sourceTree = "<group>";
		};
		B6E1A7741FCB331A003D2618 /* LaunchScreen.storyboard */ = {
			isa = PBXVariantGroup;
			children = (
				B6E1A7751FCB331A003D2618 /* Base */,
			);
			name = LaunchScreen.storyboard;
			sourceTree = "<group>";
		};
/* End PBXVariantGroup section */

/* Begin XCBuildConfiguration section */
		B6E1A7781FCB331A003D2618 /* Debug */ = {
			isa = XCBuildConfiguration;
			buildSettings = {
				ALWAYS_SEARCH_USER_PATHS = NO;
				CLANG_ANALYZER_NONNULL = YES;
				CLANG_ANALYZER_NUMBER_OBJECT_CONVERSION = YES_AGGRESSIVE;
				CLANG_CXX_LANGUAGE_STANDARD = "gnu++14";
				CLANG_CXX_LIBRARY = "libc++";
				CLANG_ENABLE_MODULES = YES;
				CLANG_ENABLE_OBJC_ARC = YES;
				CLANG_WARN_BLOCK_CAPTURE_AUTORELEASING = YES;
				CLANG_WARN_BOOL_CONVERSION = YES;
				CLANG_WARN_COMMA = YES;
				CLANG_WARN_CONSTANT_CONVERSION = YES;
				CLANG_WARN_DIRECT_OBJC_ISA_USAGE = YES_ERROR;
				CLANG_WARN_DOCUMENTATION_COMMENTS = YES;
				CLANG_WARN_EMPTY_BODY = YES;
				CLANG_WARN_ENUM_CONVERSION = YES;
				CLANG_WARN_INFINITE_RECURSION = YES;
				CLANG_WARN_INT_CONVERSION = YES;
				CLANG_WARN_NON_LITERAL_NULL_CONVERSION = YES;
				CLANG_WARN_OBJC_LITERAL_CONVERSION = YES;
				CLANG_WARN_OBJC_ROOT_CLASS = YES_ERROR;
				CLANG_WARN_RANGE_LOOP_ANALYSIS = YES;
				CLANG_WARN_STRICT_PROTOTYPES = YES;
				CLANG_WARN_SUSPICIOUS_MOVE = YES;
				CLANG_WARN_UNGUARDED_AVAILABILITY = YES_AGGRESSIVE;
				CLANG_WARN_UNREACHABLE_CODE = YES;
				CLANG_WARN__DUPLICATE_METHOD_MATCH = YES;
				CODE_SIGN_IDENTITY = "iPhone Developer";
				COPY_PHASE_STRIP = NO;
				DEBUG_INFORMATION_FORMAT = dwarf;
				ENABLE_STRICT_OBJC_MSGSEND = YES;
				ENABLE_TESTABILITY = YES;
				GCC_C_LANGUAGE_STANDARD = gnu11;
				GCC_DYNAMIC_NO_PIC = NO;
				GCC_NO_COMMON_BLOCKS = YES;
				GCC_OPTIMIZATION_LEVEL = 0;
				GCC_PREPROCESSOR_DEFINITIONS = (
					"DEBUG=1",
					"$(inherited)",
				);
				GCC_WARN_64_TO_32_BIT_CONVERSION = YES;
				GCC_WARN_ABOUT_RETURN_TYPE = YES_ERROR;
				GCC_WARN_UNDECLARED_SELECTOR = YES;
				GCC_WARN_UNINITIALIZED_AUTOS = YES_AGGRESSIVE;
				GCC_WARN_UNUSED_FUNCTION = YES;
				GCC_WARN_UNUSED_VARIABLE = YES;
				IPHONEOS_DEPLOYMENT_TARGET = 11.0;
				MTL_ENABLE_DEBUG_INFO = YES;
				ONLY_ACTIVE_ARCH = YES;
				SDKROOT = iphoneos;
				SWIFT_ACTIVE_COMPILATION_CONDITIONS = DEBUG;
				SWIFT_OPTIMIZATION_LEVEL = "-Onone";
			};
			name = Debug;
		};
		B6E1A7791FCB331A003D2618 /* Release */ = {
			isa = XCBuildConfiguration;
			buildSettings = {
				ALWAYS_SEARCH_USER_PATHS = NO;
				CLANG_ANALYZER_NONNULL = YES;
				CLANG_ANALYZER_NUMBER_OBJECT_CONVERSION = YES_AGGRESSIVE;
				CLANG_CXX_LANGUAGE_STANDARD = "gnu++14";
				CLANG_CXX_LIBRARY = "libc++";
				CLANG_ENABLE_MODULES = YES;
				CLANG_ENABLE_OBJC_ARC = YES;
				CLANG_WARN_BLOCK_CAPTURE_AUTORELEASING = YES;
				CLANG_WARN_BOOL_CONVERSION = YES;
				CLANG_WARN_COMMA = YES;
				CLANG_WARN_CONSTANT_CONVERSION = YES;
				CLANG_WARN_DIRECT_OBJC_ISA_USAGE = YES_ERROR;
				CLANG_WARN_DOCUMENTATION_COMMENTS = YES;
				CLANG_WARN_EMPTY_BODY = YES;
				CLANG_WARN_ENUM_CONVERSION = YES;
				CLANG_WARN_INFINITE_RECURSION = YES;
				CLANG_WARN_INT_CONVERSION = YES;
				CLANG_WARN_NON_LITERAL_NULL_CONVERSION = YES;
				CLANG_WARN_OBJC_LITERAL_CONVERSION = YES;
				CLANG_WARN_OBJC_ROOT_CLASS = YES_ERROR;
				CLANG_WARN_RANGE_LOOP_ANALYSIS = YES;
				CLANG_WARN_STRICT_PROTOTYPES = YES;
				CLANG_WARN_SUSPICIOUS_MOVE = YES;
				CLANG_WARN_UNGUARDED_AVAILABILITY = YES_AGGRESSIVE;
				CLANG_WARN_UNREACHABLE_CODE = YES;
				CLANG_WARN__DUPLICATE_METHOD_MATCH = YES;
				CODE_SIGN_IDENTITY = "iPhone Developer";
				COPY_PHASE_STRIP = NO;
				DEBUG_INFORMATION_FORMAT = "dwarf-with-dsym";
				ENABLE_NS_ASSERTIONS = NO;
				ENABLE_STRICT_OBJC_MSGSEND = YES;
				GCC_C_LANGUAGE_STANDARD = gnu11;
				GCC_NO_COMMON_BLOCKS = YES;
				GCC_WARN_64_TO_32_BIT_CONVERSION = YES;
				GCC_WARN_ABOUT_RETURN_TYPE = YES_ERROR;
				GCC_WARN_UNDECLARED_SELECTOR = YES;
				GCC_WARN_UNINITIALIZED_AUTOS = YES_AGGRESSIVE;
				GCC_WARN_UNUSED_FUNCTION = YES;
				GCC_WARN_UNUSED_VARIABLE = YES;
				IPHONEOS_DEPLOYMENT_TARGET = 11.0;
				MTL_ENABLE_DEBUG_INFO = NO;
				SDKROOT = iphoneos;
				SWIFT_OPTIMIZATION_LEVEL = "-Owholemodule";
				VALIDATE_PRODUCT = YES;
			};
			name = Release;
		};
		B6E1A77B1FCB331A003D2618 /* Debug */ = {
			isa = XCBuildConfiguration;
			baseConfigurationReference = 8D4D54D5542C20B5D379D4B5 /* Pods-pixel-city.debug.xcconfig */;
			buildSettings = {
				ASSETCATALOG_COMPILER_APPICON_NAME = AppIcon;
				CODE_SIGN_STYLE = Automatic;
				DEVELOPMENT_TEAM = WNWE77BSB2;
				INFOPLIST_FILE = "pixel-city/Info.plist";
				LD_RUNPATH_SEARCH_PATHS = "$(inherited) @executable_path/Frameworks";
				PRODUCT_BUNDLE_IDENTIFIER = "gn.pixel-city";
				PRODUCT_NAME = "$(TARGET_NAME)";
				SWIFT_VERSION = 4.0;
				TARGETED_DEVICE_FAMILY = "1,2";
			};
			name = Debug;
		};
		B6E1A77C1FCB331A003D2618 /* Release */ = {
			isa = XCBuildConfiguration;
			baseConfigurationReference = 17DCC08F97C719F60C6A9ED8 /* Pods-pixel-city.release.xcconfig */;
			buildSettings = {
				ASSETCATALOG_COMPILER_APPICON_NAME = AppIcon;
				CODE_SIGN_STYLE = Automatic;
				DEVELOPMENT_TEAM = WNWE77BSB2;
				INFOPLIST_FILE = "pixel-city/Info.plist";
				LD_RUNPATH_SEARCH_PATHS = "$(inherited) @executable_path/Frameworks";
				PRODUCT_BUNDLE_IDENTIFIER = "gn.pixel-city";
				PRODUCT_NAME = "$(TARGET_NAME)";
				SWIFT_VERSION = 4.0;
				TARGETED_DEVICE_FAMILY = "1,2";
			};
			name = Release;
		};
/* End XCBuildConfiguration section */

/* Begin XCConfigurationList section */
		B6E1A7631FCB331A003D2618 /* Build configuration list for PBXProject "pixel-city" */ = {
			isa = XCConfigurationList;
			buildConfigurations = (
				B6E1A7781FCB331A003D2618 /* Debug */,
				B6E1A7791FCB331A003D2618 /* Release */,
			);
			defaultConfigurationIsVisible = 0;
			defaultConfigurationName = Release;
		};
		B6E1A77A1FCB331A003D2618 /* Build configuration list for PBXNativeTarget "pixel-city" */ = {
			isa = XCConfigurationList;
			buildConfigurations = (
				B6E1A77B1FCB331A003D2618 /* Debug */,
				B6E1A77C1FCB331A003D2618 /* Release */,
			);
			defaultConfigurationIsVisible = 0;
			defaultConfigurationName = Release;
		};
/* End XCConfigurationList section */
	};
	rootObject = B6E1A7601FCB331A003D2618 /* Project object */;
}
